
Microsoft Visual Studio Solution File, Format Version 12.00
# Visual Studio Version 17
VisualStudioVersion = 17.9.34622.214
MinimumVisualStudioVersion = 10.0.40219.1
Project("{FAE04EC0-301F-11D3-BF4B-00C04F79EFBC}") = "DoAnNhom3", "DoAnNhom3\DoAnNhom3.csproj", "{389F40BE-4334-4288-A344-CB98CEF478F6}"
EndProject
Global
	GlobalSection(SolutionConfigurationPlatforms) = preSolution
		Debug|Any CPU = Debug|Any CPU
		Release|Any CPU = Release|Any CPU
	EndGlobalSection
	GlobalSection(ProjectConfigurationPlatforms) = postSolution
		{389F40BE-4334-4288-A344-CB98CEF478F6}.Debug|Any CPU.ActiveCfg = Debug|Any CPU
		{389F40BE-4334-4288-A344-CB98CEF478F6}.Debug|Any CPU.Build.0 = Debug|Any CPU
		{389F40BE-4334-4288-A344-CB98CEF478F6}.Release|Any CPU.ActiveCfg = Release|Any CPU
		{389F40BE-4334-4288-A344-CB98CEF478F6}.Release|Any CPU.Build.0 = Release|Any CPU
	EndGlobalSection
	GlobalSection(SolutionProperties) = preSolution
		HideSolutionNode = FALSE
	EndGlobalSection
	GlobalSection(ExtensibilityGlobals) = postSolution
		SolutionGuid = {ACF773BD-09D0-406D-8F94-FF5D43A9956E}
	EndGlobalSection
EndGlobal
